// !$*UTF8*$!
{
	archiveVersion = 1;
	classes = {
	};
	objectVersion = 70;
	objects = {

/* Begin PBXBuildFile section */
		3125F59E2F3238A00070E400 /* NSObject-Rx in Frameworks */ = {isa = PBXBuildFile; productRef = 3125F59D2F3238A00070E400 /* NSObject-Rx */; };
		314118EF2F3233390030590F /* RxCocoa in Frameworks */ = {isa = PBXBuildFile; productRef = 314118EE2F3233390030590F /* RxCocoa */; };
		314119062F3233A80030590F /* Action in Frameworks */ = {isa = PBXBuildFile; productRef = 314119052F3233A80030590F /* Action */; };
		3141294D2F323C7300E30324 /* RxSwift in Frameworks */ = {isa = PBXBuildFile; productRef = 3141294C2F323C7300E30324 /* RxSwift */; };
		314129502F323CEF00E30324 /* MBProgressHUD in Frameworks */ = {isa = PBXBuildFile; productRef = 3141294F2F323CEF00E30324 /* MBProgressHUD */; };
		314129532F323D1E00E30324 /* SDWebImage in Frameworks */ = {isa = PBXBuildFile; productRef = 314129522F323D1E00E30324 /* SDWebImage */; };
		314129552F323D1E00E30324 /* SDWebImageMapKit in Frameworks */ = {isa = PBXBuildFile; productRef = 314129542F323D1E00E30324 /* SDWebImageMapKit */; };
		314129652F32406000E30324 /* RswiftLibrary in Frameworks */ = {isa = PBXBuildFile; productRef = 314129642F32406000E30324 /* RswiftLibrary */; };
		31F93DB1285E0A77007E65BB /* AppDelegate.swift in Sources */ = {isa = PBXBuildFile; fileRef = 31F93DB0285E0A77007E65BB /* AppDelegate.swift */; };
		31F93DB3285E0A77007E65BB /* SceneDelegate.swift in Sources */ = {isa = PBXBuildFile; fileRef = 31F93DB2285E0A77007E65BB /* SceneDelegate.swift */; };
		31F93DB5285E0A77007E65BB /* ViewController.swift in Sources */ = {isa = PBXBuildFile; fileRef = 31F93DB4285E0A77007E65BB /* ViewController.swift */; };
		31F93DB8285E0A77007E65BB /* Main.storyboard in Resources */ = {isa = PBXBuildFile; fileRef = 31F93DB6285E0A77007E65BB /* Main.storyboard */; };
		31F93DBA285E0A79007E65BB /* Assets.xcassets in Resources */ = {isa = PBXBuildFile; fileRef = 31F93DB9285E0A79007E65BB /* Assets.xcassets */; };
		31F93DBD285E0A79007E65BB /* LaunchScreen.storyboard in Resources */ = {isa = PBXBuildFile; fileRef = 31F93DBB285E0A79007E65BB /* LaunchScreen.storyboard */; };
		31F93DC6285E0B56007E65BB /* URLRequest+Extended.swift in Sources */ = {isa = PBXBuildFile; fileRef = 31F93DC5285E0B56007E65BB /* URLRequest+Extended.swift */; };
		31F93DC9285E0BB5007E65BB /* Member.swift in Sources */ = {isa = PBXBuildFile; fileRef = 31F93DC8285E0BB5007E65BB /* Member.swift */; };
		31F93DCC285E0DC7007E65BB /* ViewModel.swift in Sources */ = {isa = PBXBuildFile; fileRef = 31F93DCB285E0DC7007E65BB /* ViewModel.swift */; };
		31F93DCE285E0E65007E65BB /* MBProgressHUD+Rx.swift in Sources */ = {isa = PBXBuildFile; fileRef = 31F93DCD285E0E65007E65BB /* MBProgressHUD+Rx.swift */; };
		31F93DD1285E0EE3007E65BB /* MemberCell.swift in Sources */ = {isa = PBXBuildFile; fileRef = 31F93DD0285E0EE3007E65BB /* MemberCell.swift */; };
		31F93DD6285E114D007E65BB /* MemberDetailViewController.swift in Sources */ = {isa = PBXBuildFile; fileRef = 31F93DD5285E114D007E65BB /* MemberDetailViewController.swift */; };
/* End PBXBuildFile section */

/* Begin PBXContainerItemProxy section */
		3125F58F2F3237C60070E400 /* PBXContainerItemProxy */ = {
			isa = PBXContainerItemProxy;
			containerPortal = 31F93DA5285E0A77007E65BB /* Project object */;
			proxyType = 1;
			remoteGlobalIDString = 31F93DAC285E0A77007E65BB;
			remoteInfo = "Rx-MVVM-MemberListApp-Sample";
		};
/* End PBXContainerItemProxy section */

/* Begin PBXFileReference section */
		3125F5892F3237C60070E400 /* Rx-MVVM-MemberListApp-SampleUITests.xctest */ = {isa = PBXFileReference; explicitFileType = wrapper.cfbundle; includeInIndex = 0; path = "Rx-MVVM-MemberListApp-SampleUITests.xctest"; sourceTree = BUILT_PRODUCTS_DIR; };
		31F93DAD285E0A77007E65BB /* Rx-MVVM-MemberListApp-Sample.app */ = {isa = PBXFileReference; explicitFileType = wrapper.application; includeInIndex = 0; path = "Rx-MVVM-MemberListApp-Sample.app"; sourceTree = BUILT_PRODUCTS_DIR; };
		31F93DB0285E0A77007E65BB /* AppDelegate.swift */ = {isa = PBXFileReference; lastKnownFileType = sourcecode.swift; path = AppDelegate.swift; sourceTree = "<group>"; };
		31F93DB2285E0A77007E65BB /* SceneDelegate.swift */ = {isa = PBXFileReference; lastKnownFileType = sourcecode.swift; path = SceneDelegate.swift; sourceTree = "<group>"; };
		31F93DB4285E0A77007E65BB /* ViewController.swift */ = {isa = PBXFileReference; lastKnownFileType = sourcecode.swift; path = ViewController.swift; sourceTree = "<group>"; };
		31F93DB7285E0A77007E65BB /* Base */ = {isa = PBXFileReference; lastKnownFileType = file.storyboard; name = Base; path = Base.lproj/Main.storyboard; sourceTree = "<group>"; };
		31F93DB9285E0A79007E65BB /* Assets.xcassets */ = {isa = PBXFileReference; lastKnownFileType = folder.assetcatalog; path = Assets.xcassets; sourceTree = "<group>"; };
		31F93DBC285E0A79007E65BB /* Base */ = {isa = PBXFileReference; lastKnownFileType = file.storyboard; name = Base; path = Base.lproj/LaunchScreen.storyboard; sourceTree = "<group>"; };
		31F93DBE285E0A79007E65BB /* Info.plist */ = {isa = PBXFileReference; lastKnownFileType = text.plist.xml; path = Info.plist; sourceTree = "<group>"; };
		31F93DC5285E0B56007E65BB /* URLRequest+Extended.swift */ = {isa = PBXFileReference; lastKnownFileType = sourcecode.swift; path = "URLRequest+Extended.swift"; sourceTree = "<group>"; };
		31F93DC8285E0BB5007E65BB /* Member.swift */ = {isa = PBXFileReference; lastKnownFileType = sourcecode.swift; path = Member.swift; sourceTree = "<group>"; };
		31F93DCB285E0DC7007E65BB /* ViewModel.swift */ = {isa = PBXFileReference; lastKnownFileType = sourcecode.swift; path = ViewModel.swift; sourceTree = "<group>"; };
		31F93DCD285E0E65007E65BB /* MBProgressHUD+Rx.swift */ = {isa = PBXFileReference; lastKnownFileType = sourcecode.swift; path = "MBProgressHUD+Rx.swift"; sourceTree = "<group>"; };
		31F93DD0285E0EE3007E65BB /* MemberCell.swift */ = {isa = PBXFileReference; lastKnownFileType = sourcecode.swift; path = MemberCell.swift; sourceTree = "<group>"; };
		31F93DD5285E114D007E65BB /* MemberDetailViewController.swift */ = {isa = PBXFileReference; lastKnownFileType = sourcecode.swift; path = MemberDetailViewController.swift; sourceTree = "<group>"; };
/* End PBXFileReference section */

/* Begin PBXFileSystemSynchronizedRootGroup section */
		3125F58A2F3237C60070E400 /* Rx-MVVM-MemberListApp-SampleUITests */ = {isa = PBXFileSystemSynchronizedRootGroup; explicitFileTypes = {}; explicitFolders = (); path = "Rx-MVVM-MemberListApp-SampleUITests"; sourceTree = "<group>"; };
/* End PBXFileSystemSynchronizedRootGroup section */

/* Begin PBXFrameworksBuildPhase section */
		3125F5862F3237C60070E400 /* Frameworks */ = {
			isa = PBXFrameworksBuildPhase;
			buildActionMask = 2147483647;
			files = (
			);
			runOnlyForDeploymentPostprocessing = 0;
		};
		31F93DAA285E0A77007E65BB /* Frameworks */ = {
			isa = PBXFrameworksBuildPhase;
			buildActionMask = 2147483647;
			files = (
				314129502F323CEF00E30324 /* MBProgressHUD in Frameworks */,
				314129652F32406000E30324 /* RswiftLibrary in Frameworks */,
				314119062F3233A80030590F /* Action in Frameworks */,
				314129532F323D1E00E30324 /* SDWebImage in Frameworks */,
				3141294D2F323C7300E30324 /* RxSwift in Frameworks */,
				314118EF2F3233390030590F /* RxCocoa in Frameworks */,
				314129552F323D1E00E30324 /* SDWebImageMapKit in Frameworks */,
				3125F59E2F3238A00070E400 /* NSObject-Rx in Frameworks */,
			);
			runOnlyForDeploymentPostprocessing = 0;
		};
/* End PBXFrameworksBuildPhase section */

/* Begin PBXGroup section */
		3125F57D2F3234550070E400 /* Frameworks */ = {
			isa = PBXGroup;
			children = (
			);
			name = Frameworks;
			sourceTree = "<group>";
		};
		31F93DA4285E0A77007E65BB = {
			isa = PBXGroup;
			children = (
				31F93DAF285E0A77007E65BB /* Rx-MVVM-MemberListApp-Sample */,
				3125F58A2F3237C60070E400 /* Rx-MVVM-MemberListApp-SampleUITests */,
				3125F57D2F3234550070E400 /* Frameworks */,
				31F93DAE285E0A77007E65BB /* Products */,
			);
			sourceTree = "<group>";
		};
		31F93DAE285E0A77007E65BB /* Products */ = {
			isa = PBXGroup;
			children = (
				31F93DAD285E0A77007E65BB /* Rx-MVVM-MemberListApp-Sample.app */,
				3125F5892F3237C60070E400 /* Rx-MVVM-MemberListApp-SampleUITests.xctest */,
			);
			name = Products;
			sourceTree = "<group>";
		};
		31F93DAF285E0A77007E65BB /* Rx-MVVM-MemberListApp-Sample */ = {
			isa = PBXGroup;
			children = (
				31F93DCF285E0EC5007E65BB /* View */,
				31F93DCA285E0DBD007E65BB /* ViewModel */,
				31F93DC7285E0B96007E65BB /* Model */,
				31F93DC4285E0B17007E65BB /* Extension */,
				31F93DB0285E0A77007E65BB /* AppDelegate.swift */,
				31F93DB2285E0A77007E65BB /* SceneDelegate.swift */,
				31F93DB4285E0A77007E65BB /* ViewController.swift */,
				31F93DD5285E114D007E65BB /* MemberDetailViewController.swift */,
				31F93DB6285E0A77007E65BB /* Main.storyboard */,
				31F93DB9285E0A79007E65BB /* Assets.xcassets */,
				31F93DBB285E0A79007E65BB /* LaunchScreen.storyboard */,
				31F93DBE285E0A79007E65BB /* Info.plist */,
			);
			path = "Rx-MVVM-MemberListApp-Sample";
			sourceTree = "<group>";
		};
		31F93DC4285E0B17007E65BB /* Extension */ = {
			isa = PBXGroup;
			children = (
				31F93DC5285E0B56007E65BB /* URLRequest+Extended.swift */,
				31F93DCD285E0E65007E65BB /* MBProgressHUD+Rx.swift */,
			);
			path = Extension;
			sourceTree = "<group>";
		};
		31F93DC7285E0B96007E65BB /* Model */ = {
			isa = PBXGroup;
			children = (
				31F93DC8285E0BB5007E65BB /* Member.swift */,
			);
			path = Model;
			sourceTree = "<group>";
		};
		31F93DCA285E0DBD007E65BB /* ViewModel */ = {
			isa = PBXGroup;
			children = (
				31F93DCB285E0DC7007E65BB /* ViewModel.swift */,
			);
			path = ViewModel;
			sourceTree = "<group>";
		};
		31F93DCF285E0EC5007E65BB /* View */ = {
			isa = PBXGroup;
			children = (
				31F93DD0285E0EE3007E65BB /* MemberCell.swift */,
			);
			path = View;
			sourceTree = "<group>";
		};
/* End PBXGroup section */

/* Begin PBXNativeTarget section */
		3125F5882F3237C60070E400 /* Rx-MVVM-MemberListApp-SampleUITests */ = {
			isa = PBXNativeTarget;
			buildConfigurationList = 3125F5912F3237C60070E400 /* Build configuration list for PBXNativeTarget "Rx-MVVM-MemberListApp-SampleUITests" */;
			buildPhases = (
				3125F5852F3237C60070E400 /* Sources */,
				3125F5862F3237C60070E400 /* Frameworks */,
				3125F5872F3237C60070E400 /* Resources */,
			);
			buildRules = (
			);
			dependencies = (
				3125F5902F3237C60070E400 /* PBXTargetDependency */,
			);
			fileSystemSynchronizedGroups = (
				3125F58A2F3237C60070E400 /* Rx-MVVM-MemberListApp-SampleUITests */,
			);
			name = "Rx-MVVM-MemberListApp-SampleUITests";
			packageProductDependencies = (
			);
			productName = "Rx-MVVM-MemberListApp-SampleUITests";
			productReference = 3125F5892F3237C60070E400 /* Rx-MVVM-MemberListApp-SampleUITests.xctest */;
			productType = "com.apple.product-type.bundle.ui-testing";
		};
		31F93DAC285E0A77007E65BB /* Rx-MVVM-MemberListApp-Sample */ = {
			isa = PBXNativeTarget;
			buildConfigurationList = 31F93DC1285E0A79007E65BB /* Build configuration list for PBXNativeTarget "Rx-MVVM-MemberListApp-Sample" */;
			buildPhases = (
				31F93DAA285E0A77007E65BB /* Frameworks */,
				31F93DAB285E0A77007E65BB /* Resources */,
				31F93DA9285E0A77007E65BB /* Sources */,
			);
			buildRules = (
			);
			dependencies = (
				3141297C2F32428C00E30324 /* PBXTargetDependency */,
			);
			name = "Rx-MVVM-MemberListApp-Sample";
			productName = "Rx-MVVM-MemberListApp-Sample";
			productReference = 31F93DAD285E0A77007E65BB /* Rx-MVVM-MemberListApp-Sample.app */;
			productType = "com.apple.product-type.application";
		};
/* End PBXNativeTarget section */

/* Begin PBXProject section */
		31F93DA5285E0A77007E65BB /* Project object */ = {
			isa = PBXProject;
			attributes = {
				BuildIndependentTargetsInParallel = 1;
				LastSwiftUpdateCheck = 2620;
				LastUpgradeCheck = 1340;
				TargetAttributes = {
					3125F5882F3237C60070E400 = {
						CreatedOnToolsVersion = 26.2;
						TestTargetID = 31F93DAC285E0A77007E65BB;
					};
					31F93DAC285E0A77007E65BB = {
						CreatedOnToolsVersion = 13.4.1;
					};
				};
			};
			buildConfigurationList = 31F93DA8285E0A77007E65BB /* Build configuration list for PBXProject "Rx-MVVM-MemberListApp-Sample" */;
			compatibilityVersion = "Xcode 13.0";
			developmentRegion = en;
			hasScannedForEncodings = 0;
			knownRegions = (
				en,
				Base,
			);
			mainGroup = 31F93DA4285E0A77007E65BB;
			packageReferences = (
				314118E92F3233390030590F /* XCRemoteSwiftPackageReference "RxSwift" */,
				314118FE2F3233560030590F /* XCRemoteSwiftPackageReference "R.swift" */,
				314119042F3233A80030590F /* XCRemoteSwiftPackageReference "Action" */,
				3125F59C2F3238A00070E400 /* XCRemoteSwiftPackageReference "NSObject-Rx" */,
				3141294E2F323CEF00E30324 /* XCRemoteSwiftPackageReference "MBProgressHUD" */,
				314129512F323D1E00E30324 /* XCRemoteSwiftPackageReference "SDWebImage" */,
			);
			productRefGroup = 31F93DAE285E0A77007E65BB /* Products */;
			projectDirPath = "";
			projectRoot = "";
			targets = (
				31F93DAC285E0A77007E65BB /* Rx-MVVM-MemberListApp-Sample */,
				3125F5882F3237C60070E400 /* Rx-MVVM-MemberListApp-SampleUITests */,
			);
		};
/* End PBXProject section */

/* Begin PBXResourcesBuildPhase section */
		3125F5872F3237C60070E400 /* Resources */ = {
			isa = PBXResourcesBuildPhase;
			buildActionMask = 2147483647;
			files = (
			);
			runOnlyForDeploymentPostprocessing = 0;
		};
		31F93DAB285E0A77007E65BB /* Resources */ = {
			isa = PBXResourcesBuildPhase;
			buildActionMask = 2147483647;
			files = (
				31F93DBD285E0A79007E65BB /* LaunchScreen.storyboard in Resources */,
				31F93DBA285E0A79007E65BB /* Assets.xcassets in Resources */,
				31F93DB8285E0A77007E65BB /* Main.storyboard in Resources */,
			);
			runOnlyForDeploymentPostprocessing = 0;
		};
/* End PBXResourcesBuildPhase section */

/* Begin PBXSourcesBuildPhase section */
		3125F5852F3237C60070E400 /* Sources */ = {
			isa = PBXSourcesBuildPhase;
			buildActionMask = 2147483647;
			files = (
			);
			runOnlyForDeploymentPostprocessing = 0;
		};
		31F93DA9285E0A77007E65BB /* Sources */ = {
			isa = PBXSourcesBuildPhase;
			buildActionMask = 2147483647;
			files = (
				31F93DC6285E0B56007E65BB /* URLRequest+Extended.swift in Sources */,
				31F93DB5285E0A77007E65BB /* ViewController.swift in Sources */,
				31F93DB1285E0A77007E65BB /* AppDelegate.swift in Sources */,
				31F93DD1285E0EE3007E65BB /* MemberCell.swift in Sources */,
				31F93DB3285E0A77007E65BB /* SceneDelegate.swift in Sources */,
				31F93DCC285E0DC7007E65BB /* ViewModel.swift in Sources */,
				31F93DCE285E0E65007E65BB /* MBProgressHUD+Rx.swift in Sources */,
				31F93DD6285E114D007E65BB /* MemberDetailViewController.swift in Sources */,
				31F93DC9285E0BB5007E65BB /* Member.swift in Sources */,
			);
			runOnlyForDeploymentPostprocessing = 0;
		};
/* End PBXSourcesBuildPhase section */

/* Begin PBXTargetDependency section */
		3125F5902F3237C60070E400 /* PBXTargetDependency */ = {
			isa = PBXTargetDependency;
			target = 31F93DAC285E0A77007E65BB /* Rx-MVVM-MemberListApp-Sample */;
			targetProxy = 3125F58F2F3237C60070E400 /* PBXContainerItemProxy */;
		};
		3141297C2F32428C00E30324 /* PBXTargetDependency */ = {
			isa = PBXTargetDependency;
			productRef = 3141297B2F32428C00E30324 /* RswiftGenerateInternalResources */;
		};
/* End PBXTargetDependency section */

/* Begin PBXVariantGroup section */
		31F93DB6285E0A77007E65BB /* Main.storyboard */ = {
			isa = PBXVariantGroup;
			children = (
				31F93DB7285E0A77007E65BB /* Base */,
			);
			name = Main.storyboard;
			sourceTree = "<group>";
		};
		31F93DBB285E0A79007E65BB /* LaunchScreen.storyboard */ = {
			isa = PBXVariantGroup;
			children = (
				31F93DBC285E0A79007E65BB /* Base */,
			);
			name = LaunchScreen.storyboard;
			sourceTree = "<group>";
		};
/* End PBXVariantGroup section */

/* Begin XCBuildConfiguration section */
		3125F5922F3237C60070E400 /* Debug */ = {
			isa = XCBuildConfiguration;
			buildSettings = {
				ASSETCATALOG_COMPILER_GENERATE_SWIFT_ASSET_SYMBOL_EXTENSIONS = YES;
				CLANG_CXX_LANGUAGE_STANDARD = "gnu++20";
				CODE_SIGN_STYLE = Automatic;
				CURRENT_PROJECT_VERSION = 1;
				DEVELOPMENT_TEAM = U5LW6HVD99;
				ENABLE_USER_SCRIPT_SANDBOXING = YES;
				GCC_C_LANGUAGE_STANDARD = gnu17;
				GENERATE_INFOPLIST_FILE = YES;
				IPHONEOS_DEPLOYMENT_TARGET = 26.2;
				LOCALIZATION_PREFERS_STRING_CATALOGS = YES;
				MARKETING_VERSION = 1.0;
				PRODUCT_BUNDLE_IDENTIFIER = "net.deskplate.Rx-MVVM-MemberListApp-SampleUITests";
				PRODUCT_NAME = "$(TARGET_NAME)";
				STRING_CATALOG_GENERATE_SYMBOLS = NO;
				SWIFT_ACTIVE_COMPILATION_CONDITIONS = "DEBUG $(inherited)";
				SWIFT_APPROACHABLE_CONCURRENCY = YES;
				SWIFT_EMIT_LOC_STRINGS = NO;
				SWIFT_UPCOMING_FEATURE_MEMBER_IMPORT_VISIBILITY = YES;
				SWIFT_VERSION = 5.0;
				TARGETED_DEVICE_FAMILY = "1,2";
				TEST_TARGET_NAME = "Rx-MVVM-MemberListApp-Sample";
			};
			name = Debug;
		};
		3125F5932F3237C60070E400 /* Release */ = {
			isa = XCBuildConfiguration;
			buildSettings = {
				ASSETCATALOG_COMPILER_GENERATE_SWIFT_ASSET_SYMBOL_EXTENSIONS = YES;
				CLANG_CXX_LANGUAGE_STANDARD = "gnu++20";
				CODE_SIGN_STYLE = Automatic;
				CURRENT_PROJECT_VERSION = 1;
				DEVELOPMENT_TEAM = U5LW6HVD99;
				ENABLE_USER_SCRIPT_SANDBOXING = YES;
				GCC_C_LANGUAGE_STANDARD = gnu17;
				GENERATE_INFOPLIST_FILE = YES;
				IPHONEOS_DEPLOYMENT_TARGET = 26.2;
				LOCALIZATION_PREFERS_STRING_CATALOGS = YES;
				MARKETING_VERSION = 1.0;
				PRODUCT_BUNDLE_IDENTIFIER = "net.deskplate.Rx-MVVM-MemberListApp-SampleUITests";
				PRODUCT_NAME = "$(TARGET_NAME)";
				STRING_CATALOG_GENERATE_SYMBOLS = NO;
				SWIFT_APPROACHABLE_CONCURRENCY = YES;
				SWIFT_EMIT_LOC_STRINGS = NO;
				SWIFT_UPCOMING_FEATURE_MEMBER_IMPORT_VISIBILITY = YES;
				SWIFT_VERSION = 5.0;
				TARGETED_DEVICE_FAMILY = "1,2";
				TEST_TARGET_NAME = "Rx-MVVM-MemberListApp-Sample";
			};
			name = Release;
		};
		31F93DBF285E0A79007E65BB /* Debug */ = {
			isa = XCBuildConfiguration;
			buildSettings = {
				ALWAYS_SEARCH_USER_PATHS = NO;
				CLANG_ANALYZER_NONNULL = YES;
				CLANG_ANALYZER_NUMBER_OBJECT_CONVERSION = YES_AGGRESSIVE;
				CLANG_CXX_LANGUAGE_STANDARD = "gnu++17";
				CLANG_ENABLE_MODULES = YES;
				CLANG_ENABLE_OBJC_ARC = YES;
				CLANG_ENABLE_OBJC_WEAK = YES;
				CLANG_WARN_BLOCK_CAPTURE_AUTORELEASING = YES;
				CLANG_WARN_BOOL_CONVERSION = YES;
				CLANG_WARN_COMMA = YES;
				CLANG_WARN_CONSTANT_CONVERSION = YES;
				CLANG_WARN_DEPRECATED_OBJC_IMPLEMENTATIONS = YES;
				CLANG_WARN_DIRECT_OBJC_ISA_USAGE = YES_ERROR;
				CLANG_WARN_DOCUMENTATION_COMMENTS = YES;
				CLANG_WARN_EMPTY_BODY = YES;
				CLANG_WARN_ENUM_CONVERSION = YES;
				CLANG_WARN_INFINITE_RECURSION = YES;
				CLANG_WARN_INT_CONVERSION = YES;
				CLANG_WARN_NON_LITERAL_NULL_CONVERSION = YES;
				CLANG_WARN_OBJC_IMPLICIT_RETAIN_SELF = YES;
				CLANG_WARN_OBJC_LITERAL_CONVERSION = YES;
				CLANG_WARN_OBJC_ROOT_CLASS = YES_ERROR;
				CLANG_WARN_QUOTED_INCLUDE_IN_FRAMEWORK_HEADER = YES;
				CLANG_WARN_RANGE_LOOP_ANALYSIS = YES;
				CLANG_WARN_STRICT_PROTOTYPES = YES;
				CLANG_WARN_SUSPICIOUS_MOVE = YES;
				CLANG_WARN_UNGUARDED_AVAILABILITY = YES_AGGRESSIVE;
				CLANG_WARN_UNREACHABLE_CODE = YES;
				CLANG_WARN__DUPLICATE_METHOD_MATCH = YES;
				COPY_PHASE_STRIP = NO;
				DEBUG_INFORMATION_FORMAT = dwarf;
				ENABLE_STRICT_OBJC_MSGSEND = YES;
				ENABLE_TESTABILITY = YES;
				GCC_C_LANGUAGE_STANDARD = gnu11;
				GCC_DYNAMIC_NO_PIC = NO;
				GCC_NO_COMMON_BLOCKS = YES;
				GCC_OPTIMIZATION_LEVEL = 0;
				GCC_PREPROCESSOR_DEFINITIONS = (
					"DEBUG=1",
					"$(inherited)",
				);
				GCC_WARN_64_TO_32_BIT_CONVERSION = YES;
				GCC_WARN_ABOUT_RETURN_TYPE = YES_ERROR;
				GCC_WARN_UNDECLARED_SELECTOR = YES;
				GCC_WARN_UNINITIALIZED_AUTOS = YES_AGGRESSIVE;
				GCC_WARN_UNUSED_FUNCTION = YES;
				GCC_WARN_UNUSED_VARIABLE = YES;
				IPHONEOS_DEPLOYMENT_TARGET = 15.5;
				MTL_ENABLE_DEBUG_INFO = INCLUDE_SOURCE;
				MTL_FAST_MATH = YES;
				ONLY_ACTIVE_ARCH = YES;
				SDKROOT = iphoneos;
				SWIFT_ACTIVE_COMPILATION_CONDITIONS = DEBUG;
				SWIFT_OPTIMIZATION_LEVEL = "-Onone";
			};
			name = Debug;
		};
		31F93DC0285E0A79007E65BB /* Release */ = {
			isa = XCBuildConfiguration;
			buildSettings = {
				ALWAYS_SEARCH_USER_PATHS = NO;
				CLANG_ANALYZER_NONNULL = YES;
				CLANG_ANALYZER_NUMBER_OBJECT_CONVERSION = YES_AGGRESSIVE;
				CLANG_CXX_LANGUAGE_STANDARD = "gnu++17";
				CLANG_ENABLE_MODULES = YES;
				CLANG_ENABLE_OBJC_ARC = YES;
				CLANG_ENABLE_OBJC_WEAK = YES;
				CLANG_WARN_BLOCK_CAPTURE_AUTORELEASING = YES;
				CLANG_WARN_BOOL_CONVERSION = YES;
				CLANG_WARN_COMMA = YES;
				CLANG_WARN_CONSTANT_CONVERSION = YES;
				CLANG_WARN_DEPRECATED_OBJC_IMPLEMENTATIONS = YES;
				CLANG_WARN_DIRECT_OBJC_ISA_USAGE = YES_ERROR;
				CLANG_WARN_DOCUMENTATION_COMMENTS = YES;
				CLANG_WARN_EMPTY_BODY = YES;
				CLANG_WARN_ENUM_CONVERSION = YES;
				CLANG_WARN_INFINITE_RECURSION = YES;
				CLANG_WARN_INT_CONVERSION = YES;
				CLANG_WARN_NON_LITERAL_NULL_CONVERSION = YES;
				CLANG_WARN_OBJC_IMPLICIT_RETAIN_SELF = YES;
				CLANG_WARN_OBJC_LITERAL_CONVERSION = YES;
				CLANG_WARN_OBJC_ROOT_CLASS = YES_ERROR;
				CLANG_WARN_QUOTED_INCLUDE_IN_FRAMEWORK_HEADER = YES;
				CLANG_WARN_RANGE_LOOP_ANALYSIS = YES;
				CLANG_WARN_STRICT_PROTOTYPES = YES;
				CLANG_WARN_SUSPICIOUS_MOVE = YES;
				CLANG_WARN_UNGUARDED_AVAILABILITY = YES_AGGRESSIVE;
				CLANG_WARN_UNREACHABLE_CODE = YES;
				CLANG_WARN__DUPLICATE_METHOD_MATCH = YES;
				COPY_PHASE_STRIP = NO;
				DEBUG_INFORMATION_FORMAT = "dwarf-with-dsym";
				ENABLE_NS_ASSERTIONS = NO;
				ENABLE_STRICT_OBJC_MSGSEND = YES;
				GCC_C_LANGUAGE_STANDARD = gnu11;
				GCC_NO_COMMON_BLOCKS = YES;
				GCC_WARN_64_TO_32_BIT_CONVERSION = YES;
				GCC_WARN_ABOUT_RETURN_TYPE = YES_ERROR;
				GCC_WARN_UNDECLARED_SELECTOR = YES;
				GCC_WARN_UNINITIALIZED_AUTOS = YES_AGGRESSIVE;
				GCC_WARN_UNUSED_FUNCTION = YES;
				GCC_WARN_UNUSED_VARIABLE = YES;
				IPHONEOS_DEPLOYMENT_TARGET = 15.5;
				MTL_ENABLE_DEBUG_INFO = NO;
				MTL_FAST_MATH = YES;
				SDKROOT = iphoneos;
				SWIFT_COMPILATION_MODE = wholemodule;
				SWIFT_OPTIMIZATION_LEVEL = "-O";
				VALIDATE_PRODUCT = YES;
			};
			name = Release;
		};
		31F93DC2285E0A79007E65BB /* Debug */ = {
			isa = XCBuildConfiguration;
			buildSettings = {
				ASSETCATALOG_COMPILER_APPICON_NAME = AppIcon;
				ASSETCATALOG_COMPILER_GLOBAL_ACCENT_COLOR_NAME = AccentColor;
				CODE_SIGN_STYLE = Automatic;
				CURRENT_PROJECT_VERSION = 1;
				DEVELOPMENT_TEAM = U5LW6HVD99;
				GENERATE_INFOPLIST_FILE = YES;
				INFOPLIST_FILE = "Rx-MVVM-MemberListApp-Sample/Info.plist";
				INFOPLIST_KEY_UIApplicationSupportsIndirectInputEvents = YES;
				INFOPLIST_KEY_UILaunchStoryboardName = LaunchScreen;
				INFOPLIST_KEY_UIMainStoryboardFile = Main;
				INFOPLIST_KEY_UISupportedInterfaceOrientations_iPad = "UIInterfaceOrientationPortrait UIInterfaceOrientationPortraitUpsideDown UIInterfaceOrientationLandscapeLeft UIInterfaceOrientationLandscapeRight";
				INFOPLIST_KEY_UISupportedInterfaceOrientations_iPhone = "UIInterfaceOrientationPortrait UIInterfaceOrientationLandscapeLeft UIInterfaceOrientationLandscapeRight";
				LD_RUNPATH_SEARCH_PATHS = (
					"$(inherited)",
					"@executable_path/Frameworks",
				);
				MARKETING_VERSION = 1.0;
				PRODUCT_BUNDLE_IDENTIFIER = "com.yourcompany.Rx-MVVM-MemberListApp-Sample";
				PRODUCT_NAME = "$(TARGET_NAME)";
				SWIFT_EMIT_LOC_STRINGS = YES;
				SWIFT_VERSION = 5.0;
				TARGETED_DEVICE_FAMILY = "1,2";
			};
			name = Debug;
		};
		31F93DC3285E0A79007E65BB /* Release */ = {
			isa = XCBuildConfiguration;
			buildSettings = {
				ASSETCATALOG_COMPILER_APPICON_NAME = AppIcon;
				ASSETCATALOG_COMPILER_GLOBAL_ACCENT_COLOR_NAME = AccentColor;
				CODE_SIGN_STYLE = Automatic;
				CURRENT_PROJECT_VERSION = 1;
				DEVELOPMENT_TEAM = U5LW6HVD99;
				GENERATE_INFOPLIST_FILE = YES;
				INFOPLIST_FILE = "Rx-MVVM-MemberListApp-Sample/Info.plist";
				INFOPLIST_KEY_UIApplicationSupportsIndirectInputEvents = YES;
				INFOPLIST_KEY_UILaunchStoryboardName = LaunchScreen;
				INFOPLIST_KEY_UIMainStoryboardFile = Main;
				INFOPLIST_KEY_UISupportedInterfaceOrientations_iPad = "UIInterfaceOrientationPortrait UIInterfaceOrientationPortraitUpsideDown UIInterfaceOrientationLandscapeLeft UIInterfaceOrientationLandscapeRight";
				INFOPLIST_KEY_UISupportedInterfaceOrientations_iPhone = "UIInterfaceOrientationPortrait UIInterfaceOrientationLandscapeLeft UIInterfaceOrientationLandscapeRight";
				LD_RUNPATH_SEARCH_PATHS = (
					"$(inherited)",
					"@executable_path/Frameworks",
				);
				MARKETING_VERSION = 1.0;
				PRODUCT_BUNDLE_IDENTIFIER = "com.yourcompany.Rx-MVVM-MemberListApp-Sample";
				PRODUCT_NAME = "$(TARGET_NAME)";
				SWIFT_EMIT_LOC_STRINGS = YES;
				SWIFT_VERSION = 5.0;
				TARGETED_DEVICE_FAMILY = "1,2";
			};
			name = Release;
		};
/* End XCBuildConfiguration section */

/* Begin XCConfigurationList section */
		3125F5912F3237C60070E400 /* Build configuration list for PBXNativeTarget "Rx-MVVM-MemberListApp-SampleUITests" */ = {
			isa = XCConfigurationList;
			buildConfigurations = (
				3125F5922F3237C60070E400 /* Debug */,
				3125F5932F3237C60070E400 /* Release */,
			);
			defaultConfigurationIsVisible = 0;
			defaultConfigurationName = Release;
		};
		31F93DA8285E0A77007E65BB /* Build configuration list for PBXProject "Rx-MVVM-MemberListApp-Sample" */ = {
			isa = XCConfigurationList;
			buildConfigurations = (
				31F93DBF285E0A79007E65BB /* Debug */,
				31F93DC0285E0A79007E65BB /* Release */,
			);
			defaultConfigurationIsVisible = 0;
			defaultConfigurationName = Release;
		};
		31F93DC1285E0A79007E65BB /* Build configuration list for PBXNativeTarget "Rx-MVVM-MemberListApp-Sample" */ = {
			isa = XCConfigurationList;
			buildConfigurations = (
				31F93DC2285E0A79007E65BB /* Debug */,
				31F93DC3285E0A79007E65BB /* Release */,
			);
			defaultConfigurationIsVisible = 0;
			defaultConfigurationName = Release;
		};
/* End XCConfigurationList section */

/* Begin XCRemoteSwiftPackageReference section */
		3125F59C2F3238A00070E400 /* XCRemoteSwiftPackageReference "NSObject-Rx" */ = {
			isa = XCRemoteSwiftPackageReference;
			repositoryURL = "https://github.com/RxSwiftCommunity/NSObject-Rx";
			requirement = {
				kind = upToNextMajorVersion;
				minimumVersion = 5.2.2;
			};
		};
		314118E92F3233390030590F /* XCRemoteSwiftPackageReference "RxSwift" */ = {
			isa = XCRemoteSwiftPackageReference;
			repositoryURL = "https://github.com/ReactiveX/RxSwift";
			requirement = {
				kind = upToNextMajorVersion;
				minimumVersion = 6.10.1;
			};
		};
		314118FE2F3233560030590F /* XCRemoteSwiftPackageReference "R.swift" */ = {
			isa = XCRemoteSwiftPackageReference;
			repositoryURL = "https://github.com/mac-cain13/R.swift.git";
			requirement = {
				kind = upToNextMajorVersion;
				minimumVersion = 7.8.0;
			};
		};
		314119042F3233A80030590F /* XCRemoteSwiftPackageReference "Action" */ = {
			isa = XCRemoteSwiftPackageReference;
			repositoryURL = "https://github.com/RxSwiftCommunity/Action";
			requirement = {
				kind = upToNextMajorVersion;
				minimumVersion = 5.0.0;
			};
		};
		3141294E2F323CEF00E30324 /* XCRemoteSwiftPackageReference "MBProgressHUD" */ = {
			isa = XCRemoteSwiftPackageReference;
			repositoryURL = "https://github.com/jdg/MBProgressHUD";
			requirement = {
				kind = upToNextMajorVersion;
				minimumVersion = 1.2.0;
			};
		};
		314129512F323D1E00E30324 /* XCRemoteSwiftPackageReference "SDWebImage" */ = {
			isa = XCRemoteSwiftPackageReference;
			repositoryURL = "https://github.com/SDWebImage/SDWebImage.git";
			requirement = {
				kind = upToNextMajorVersion;
				minimumVersion = 5.21.5;
			};
		};
/* End XCRemoteSwiftPackageReference section */

/* Begin XCSwiftPackageProductDependency section */
		3125F59D2F3238A00070E400 /* NSObject-Rx */ = {
			isa = XCSwiftPackageProductDependency;
			package = 3125F59C2F3238A00070E400 /* XCRemoteSwiftPackageReference "NSObject-Rx" */;
			productName = "NSObject-Rx";
		};
		314118EE2F3233390030590F /* RxCocoa */ = {
			isa = XCSwiftPackageProductDependency;
			package = 314118E92F3233390030590F /* XCRemoteSwiftPackageReference "RxSwift" */;
			productName = RxCocoa;
		};
		314119052F3233A80030590F /* Action */ = {
			isa = XCSwiftPackageProductDependency;
			package = 314119042F3233A80030590F /* XCRemoteSwiftPackageReference "Action" */;
			productName = Action;
		};
		3141294C2F323C7300E30324 /* RxSwift */ = {
			isa = XCSwiftPackageProductDependency;
			package = 314118E92F3233390030590F /* XCRemoteSwiftPackageReference "RxSwift" */;
			productName = RxSwift;
		};
		3141294F2F323CEF00E30324 /* MBProgressHUD */ = {
			isa = XCSwiftPackageProductDependency;
			package = 3141294E2F323CEF00E30324 /* XCRemoteSwiftPackageReference "MBProgressHUD" */;
			productName = MBProgressHUD;
		};
		314129522F323D1E00E30324 /* SDWebImage */ = {
			isa = XCSwiftPackageProductDependency;
			package = 314129512F323D1E00E30324 /* XCRemoteSwiftPackageReference "SDWebImage" */;
			productName = SDWebImage;
		};
		314129542F323D1E00E30324 /* SDWebImageMapKit */ = {
			isa = XCSwiftPackageProductDependency;
			package = 314129512F323D1E00E30324 /* XCRemoteSwiftPackageReference "SDWebImage" */;
			productName = SDWebImageMapKit;
		};
		314129642F32406000E30324 /* RswiftLibrary */ = {
			isa = XCSwiftPackageProductDependency;
			package = 314118FE2F3233560030590F /* XCRemoteSwiftPackageReference "R.swift" */;
			productName = RswiftLibrary;
		};
		3141297B2F32428C00E30324 /* RswiftGenerateInternalResources */ = {
			isa = XCSwiftPackageProductDependency;
			package = 314118FE2F3233560030590F /* XCRemoteSwiftPackageReference "R.swift" */;
			productName = "plugin:RswiftGenerateInternalResources";
		};
/* End XCSwiftPackageProductDependency section */
	};
	rootObject = 31F93DA5285E0A77007E65BB /* Project object */;
}
